
Microsoft Visual Studio Solution File, Format Version 12.00
# Visual Studio 2012
Project("{FAE04EC0-301F-11D3-BF4B-00C04F79EFBC}") = "ShoppingCart", "ShoppingCart\ShoppingCart.csproj", "{559BF4EA-2FF1-4A93-9747-D4B6C1C6A725}"
EndProject
Project("{FAE04EC0-301F-11D3-BF4B-00C04F79EFBC}") = "ShoppingCartTests", "ShoppingCartTests\ShoppingCartTests.csproj", "{325A13E6-E9ED-49EB-A8D2-3CA5466CAAAB}"
EndProject
Global
	GlobalSection(SolutionConfigurationPlatforms) = preSolution
		Debug|Any CPU = Debug|Any CPU
		Release|Any CPU = Release|Any CPU
	EndGlobalSection
	GlobalSection(ProjectConfigurationPlatforms) = postSolution
		{559BF4EA-2FF1-4A93-9747-D4B6C1C6A725}.Debug|Any CPU.ActiveCfg = Debug|Any CPU
		{559BF4EA-2FF1-4A93-9747-D4B6C1C6A725}.Debug|Any CPU.Build.0 = Debug|Any CPU
		{559BF4EA-2FF1-4A93-9747-D4B6C1C6A725}.Release|Any CPU.ActiveCfg = Release|Any CPU
		{559BF4EA-2FF1-4A93-9747-D4B6C1C6A725}.Release|Any CPU.Build.0 = Release|Any CPU
		{325A13E6-E9ED-49EB-A8D2-3CA5466CAAAB}.Debug|Any CPU.ActiveCfg = Debug|Any CPU
		{325A13E6-E9ED-49EB-A8D2-3CA5466CAAAB}.Debug|Any CPU.Build.0 = Debug|Any CPU
		{325A13E6-E9ED-49EB-A8D2-3CA5466CAAAB}.Release|Any CPU.ActiveCfg = Release|Any CPU
		{325A13E6-E9ED-49EB-A8D2-3CA5466CAAAB}.Release|Any CPU.Build.0 = Release|Any CPU
	EndGlobalSection
	GlobalSection(SolutionProperties) = preSolution
		HideSolutionNode = FALSE
	EndGlobalSection
EndGlobal
